github.com/globalsign/mgo v0.0.0-20190517090918-73267e130ca1 h1:DQs0vsFrJDNGZovxiwBtuUaL0SLrQeNHkHpsIbi7w8U=
github.com/globalsign/mgo v0.0.0-20190517090918-73267e130ca1/go.mod h1:OQBK0ebL25cW31topLSUPIWIrSesue7+zTa/haAXccQ=
github.com/kr/pretty v0.1.0/go.mod h1:dAy3ld7l9f0ibDNOQOHHMYYIIbhfbHSm3C4ZsoJORNo=
github.com/kr/pty v1.1.1/go.mod h1:pFQYn66WHrOpPYNljwOMqo10TkYh1fy3cYio2l3bCsQ=
github.com/kr/text v0.1.0/go.mod h1:4Jbv+DJW3UT/LiOwJeYQe1efqtUx/iVham/4vfdArNI=
golang.org/x/net v0.0.0-20181023162649-9b4f9f5ad519/go.mod h1:mL1N/T3taQHkDXs73rZJwtUhF3w3ftmwwsq0BUmARs4=
gopkg.in/check.v1 v1.0.0-20180628173108-788fd7840127/go.mod h1:Co6ibVJAznAaIkqp8huTwlJQCZ016jof/cbN4VW5Yz0=
gopkg.in/tomb.v2 v2.0.0-20161208151619-d5d1b5820637/go.mod h1:BHsqpu/nsuzkT5BpiH1EMZPLyqSMM8JbIavyFACoFNk=
